
Microsoft Visual Studio Solution File, Format Version 12.00
# Visual Studio Version 17
VisualStudioVersion = 17.6.33801.468
MinimumVisualStudioVersion = 10.0.40219.1
Project("{9A19103F-16F7-4668-BE54-9A1E7A4F7556}") = "ApiDeTarefas", "SistemaDeTarefas\ApiDeTarefas.csproj", "{F017545D-9422-4FC7-A84E-AC7012C8CAD4}"
EndProject
Global
	GlobalSection(SolutionConfigurationPlatforms) = preSolution
		Debug|Any CPU = Debug|Any CPU
		Release|Any CPU = Release|Any CPU
	EndGlobalSection
	GlobalSection(ProjectConfigurationPlatforms) = postSolution
		{F017545D-9422-4FC7-A84E-AC7012C8CAD4}.Debug|Any CPU.ActiveCfg = Debug|Any CPU
		{F017545D-9422-4FC7-A84E-AC7012C8CAD4}.Debug|Any CPU.Build.0 = Debug|Any CPU
		{F017545D-9422-4FC7-A84E-AC7012C8CAD4}.Release|Any CPU.ActiveCfg = Release|Any CPU
		{F017545D-9422-4FC7-A84E-AC7012C8CAD4}.Release|Any CPU.Build.0 = Release|Any CPU
	EndGlobalSection
	GlobalSection(SolutionProperties) = preSolution
		HideSolutionNode = FALSE
	EndGlobalSection
	GlobalSection(ExtensibilityGlobals) = postSolution
		SolutionGuid = {B748AB81-F22B-4184-9215-5E9C4285A785}
	EndGlobalSection
EndGlobal
